
Microsoft Visual Studio Solution File, Format Version 12.00
# Visual Studio 15
VisualStudioVersion = 15.0.27004.2005
MinimumVisualStudioVersion = 10.0.40219.1
Project("{FAE04EC0-301F-11D3-BF4B-00C04F79EFBC}") = "Лаб1", "Лаб1\Лаб1.csproj", "{1BBE7428-E11F-4734-9ECE-BA61B149E431}"
EndProject
Project("{FAE04EC0-301F-11D3-BF4B-00C04F79EFBC}") = "Выпуклая оболочка", "Выпуклая оболочка\Выпуклая оболочка.csproj", "{5212EDDF-C39A-47B8-A77B-BFFF6DF94432}"
EndProject
Global
	GlobalSection(SolutionConfigurationPlatforms) = preSolution
		Debug|Any CPU = Debug|Any CPU
		Release|Any CPU = Release|Any CPU
	EndGlobalSection
	GlobalSection(ProjectConfigurationPlatforms) = postSolution
		{1BBE7428-E11F-4734-9ECE-BA61B149E431}.Debug|Any CPU.ActiveCfg = Debug|Any CPU
		{1BBE7428-E11F-4734-9ECE-BA61B149E431}.Debug|Any CPU.Build.0 = Debug|Any CPU
		{1BBE7428-E11F-4734-9ECE-BA61B149E431}.Release|Any CPU.ActiveCfg = Release|Any CPU
		{1BBE7428-E11F-4734-9ECE-BA61B149E431}.Release|Any CPU.Build.0 = Release|Any CPU
		{5212EDDF-C39A-47B8-A77B-BFFF6DF94432}.Debug|Any CPU.ActiveCfg = Debug|Any CPU
		{5212EDDF-C39A-47B8-A77B-BFFF6DF94432}.Debug|Any CPU.Build.0 = Debug|Any CPU
		{5212EDDF-C39A-47B8-A77B-BFFF6DF94432}.Release|Any CPU.ActiveCfg = Release|Any CPU
		{5212EDDF-C39A-47B8-A77B-BFFF6DF94432}.Release|Any CPU.Build.0 = Release|Any CPU
	EndGlobalSection
	GlobalSection(SolutionProperties) = preSolution
		HideSolutionNode = FALSE
	EndGlobalSection
	GlobalSection(ExtensibilityGlobals) = postSolution
		SolutionGuid = {E4C1E2AF-A029-4AE6-935A-C531014CB148}
	EndGlobalSection
EndGlobal
